
Microsoft Visual Studio Solution File, Format Version 12.00
# Visual Studio Version 16
VisualStudioVersion = 16.0.29728.190
MinimumVisualStudioVersion = 10.0.40219.1
Project("{FAE04EC0-301F-11D3-BF4B-00C04F79EFBC}") = "JanExam2021", "JanExam2021\JanExam2021.csproj", "{9A92A289-EED6-474B-9F6E-316D08E2E3FC}"
EndProject
Global
	GlobalSection(SolutionConfigurationPlatforms) = preSolution
		Debug|Any CPU = Debug|Any CPU
		Release|Any CPU = Release|Any CPU
	EndGlobalSection
	GlobalSection(ProjectConfigurationPlatforms) = postSolution
		{9A92A289-EED6-474B-9F6E-316D08E2E3FC}.Debug|Any CPU.ActiveCfg = Debug|Any CPU
		{9A92A289-EED6-474B-9F6E-316D08E2E3FC}.Debug|Any CPU.Build.0 = Debug|Any CPU
		{9A92A289-EED6-474B-9F6E-316D08E2E3FC}.Release|Any CPU.ActiveCfg = Release|Any CPU
		{9A92A289-EED6-474B-9F6E-316D08E2E3FC}.Release|Any CPU.Build.0 = Release|Any CPU
	EndGlobalSection
	GlobalSection(SolutionProperties) = preSolution
		HideSolutionNode = FALSE
	EndGlobalSection
	GlobalSection(ExtensibilityGlobals) = postSolution
		SolutionGuid = {E4E8EC85-0C7D-4E87-A5B2-9CB91AA441D3}
	EndGlobalSection
EndGlobal
